
Microsoft Visual Studio Solution File, Format Version 12.00
# Visual Studio Version 17
VisualStudioVersion = 17.2.32616.157
MinimumVisualStudioVersion = 10.0.40219.1
Project("{FAE04EC0-301F-11D3-BF4B-00C04F79EFBC}") = "TokenSecurityDemo", "TokenSecurityDemo.csproj", "{F596FACF-9A62-44A8-B0AF-A0DB122DC6CC}"
EndProject
Global
	GlobalSection(SolutionConfigurationPlatforms) = preSolution
		Debug|Any CPU = Debug|Any CPU
		Release|Any CPU = Release|Any CPU
	EndGlobalSection
	GlobalSection(ProjectConfigurationPlatforms) = postSolution
		{F596FACF-9A62-44A8-B0AF-A0DB122DC6CC}.Debug|Any CPU.ActiveCfg = Debug|Any CPU
		{F596FACF-9A62-44A8-B0AF-A0DB122DC6CC}.Debug|Any CPU.Build.0 = Debug|Any CPU
		{F596FACF-9A62-44A8-B0AF-A0DB122DC6CC}.Release|Any CPU.ActiveCfg = Release|Any CPU
		{F596FACF-9A62-44A8-B0AF-A0DB122DC6CC}.Release|Any CPU.Build.0 = Release|Any CPU
	EndGlobalSection
	GlobalSection(SolutionProperties) = preSolution
		HideSolutionNode = FALSE
	EndGlobalSection
	GlobalSection(ExtensibilityGlobals) = postSolution
		SolutionGuid = {97EA4902-C0AB-4EC8-A61E-1F18C59BD671}
	EndGlobalSection
EndGlobal
