
Microsoft Visual Studio Solution File, Format Version 12.00
# Visual Studio Version 17
VisualStudioVersion = 17.2.32616.157
MinimumVisualStudioVersion = 10.0.40219.1
Project("{FAE04EC0-301F-11D3-BF4B-00C04F79EFBC}") = "AdminLTE", "AdminLTE.csproj", "{52E66024-54FA-4F61-9707-AD2C65A02265}"
EndProject
Global
	GlobalSection(SolutionConfigurationPlatforms) = preSolution
		Debug|Any CPU = Debug|Any CPU
		Release|Any CPU = Release|Any CPU
	EndGlobalSection
	GlobalSection(ProjectConfigurationPlatforms) = postSolution
		{52E66024-54FA-4F61-9707-AD2C65A02265}.Debug|Any CPU.ActiveCfg = Debug|Any CPU
		{52E66024-54FA-4F61-9707-AD2C65A02265}.Debug|Any CPU.Build.0 = Debug|Any CPU
		{52E66024-54FA-4F61-9707-AD2C65A02265}.Release|Any CPU.ActiveCfg = Release|Any CPU
		{52E66024-54FA-4F61-9707-AD2C65A02265}.Release|Any CPU.Build.0 = Release|Any CPU
	EndGlobalSection
	GlobalSection(SolutionProperties) = preSolution
		HideSolutionNode = FALSE
	EndGlobalSection
	GlobalSection(ExtensibilityGlobals) = postSolution
		SolutionGuid = {B0C4A2BF-B808-441B-94D9-F85A2736F8DC}
	EndGlobalSection
EndGlobal
